
Microsoft Visual Studio Solution File, Format Version 12.00
# Visual Studio Version 17
VisualStudioVersion = 17.5.33530.505
MinimumVisualStudioVersion = 10.0.40219.1
Project("{9A19103F-16F7-4668-BE54-9A1E7A4F7556}") = "MainForm", "MainForm\MainForm.csproj", "{236A5808-2D8B-4C0C-99AE-33A9E99C023F}"
EndProject
Project("{9A19103F-16F7-4668-BE54-9A1E7A4F7556}") = "CalculationModel", "CalculationModel\CalculationModel.csproj", "{D0D62F46-9BE0-4E95-A57F-6ECD61B8E540}"
EndProject
Project("{9A19103F-16F7-4668-BE54-9A1E7A4F7556}") = "ExcelHandler", "ExcelHandler\ExcelHandler.csproj", "{FE099613-0EDA-4737-B70B-7D5DE1431EAE}"
EndProject
Project("{FAE04EC0-301F-11D3-BF4B-00C04F79EFBC}") = "Model", "Model\Model.csproj", "{EFB435FD-8D52-4556-BCFE-4CE20961F73F}"
EndProject
Global
	GlobalSection(SolutionConfigurationPlatforms) = preSolution
		Debug|Any CPU = Debug|Any CPU
		Release|Any CPU = Release|Any CPU
	EndGlobalSection
	GlobalSection(ProjectConfigurationPlatforms) = postSolution
		{236A5808-2D8B-4C0C-99AE-33A9E99C023F}.Debug|Any CPU.ActiveCfg = Debug|Any CPU
		{236A5808-2D8B-4C0C-99AE-33A9E99C023F}.Debug|Any CPU.Build.0 = Debug|Any CPU
		{236A5808-2D8B-4C0C-99AE-33A9E99C023F}.Release|Any CPU.ActiveCfg = Release|Any CPU
		{236A5808-2D8B-4C0C-99AE-33A9E99C023F}.Release|Any CPU.Build.0 = Release|Any CPU
		{D0D62F46-9BE0-4E95-A57F-6ECD61B8E540}.Debug|Any CPU.ActiveCfg = Debug|Any CPU
		{D0D62F46-9BE0-4E95-A57F-6ECD61B8E540}.Debug|Any CPU.Build.0 = Debug|Any CPU
		{D0D62F46-9BE0-4E95-A57F-6ECD61B8E540}.Release|Any CPU.ActiveCfg = Release|Any CPU
		{D0D62F46-9BE0-4E95-A57F-6ECD61B8E540}.Release|Any CPU.Build.0 = Release|Any CPU
		{FE099613-0EDA-4737-B70B-7D5DE1431EAE}.Debug|Any CPU.ActiveCfg = Debug|Any CPU
		{FE099613-0EDA-4737-B70B-7D5DE1431EAE}.Debug|Any CPU.Build.0 = Debug|Any CPU
		{FE099613-0EDA-4737-B70B-7D5DE1431EAE}.Release|Any CPU.ActiveCfg = Release|Any CPU
		{FE099613-0EDA-4737-B70B-7D5DE1431EAE}.Release|Any CPU.Build.0 = Release|Any CPU
		{EFB435FD-8D52-4556-BCFE-4CE20961F73F}.Debug|Any CPU.ActiveCfg = Debug|Any CPU
		{EFB435FD-8D52-4556-BCFE-4CE20961F73F}.Debug|Any CPU.Build.0 = Debug|Any CPU
		{EFB435FD-8D52-4556-BCFE-4CE20961F73F}.Release|Any CPU.ActiveCfg = Release|Any CPU
		{EFB435FD-8D52-4556-BCFE-4CE20961F73F}.Release|Any CPU.Build.0 = Release|Any CPU
	EndGlobalSection
	GlobalSection(SolutionProperties) = preSolution
		HideSolutionNode = FALSE
	EndGlobalSection
	GlobalSection(ExtensibilityGlobals) = postSolution
		SolutionGuid = {1859D80C-7051-4EAB-B8DC-BBF349278812}
	EndGlobalSection
EndGlobal
